
Microsoft Visual Studio Solution File, Format Version 12.00
# Visual Studio Version 16
VisualStudioVersion = 16.0.31410.357
MinimumVisualStudioVersion = 10.0.40219.1
Project("{FAE04EC0-301F-11D3-BF4B-00C04F79EFBC}") = "Create_Table", "Create_Table\Create_Table.csproj", "{A34B1700-A3CC-460F-A593-B4C9A0882717}"
EndProject
Global
	GlobalSection(SolutionConfigurationPlatforms) = preSolution
		Debug|Any CPU = Debug|Any CPU
		Release|Any CPU = Release|Any CPU
	EndGlobalSection
	GlobalSection(ProjectConfigurationPlatforms) = postSolution
		{A34B1700-A3CC-460F-A593-B4C9A0882717}.Debug|Any CPU.ActiveCfg = Debug|Any CPU
		{A34B1700-A3CC-460F-A593-B4C9A0882717}.Debug|Any CPU.Build.0 = Debug|Any CPU
		{A34B1700-A3CC-460F-A593-B4C9A0882717}.Release|Any CPU.ActiveCfg = Release|Any CPU
		{A34B1700-A3CC-460F-A593-B4C9A0882717}.Release|Any CPU.Build.0 = Release|Any CPU
	EndGlobalSection
	GlobalSection(SolutionProperties) = preSolution
		HideSolutionNode = FALSE
	EndGlobalSection
	GlobalSection(ExtensibilityGlobals) = postSolution
		SolutionGuid = {B2FF171B-FE8C-4CFB-BCC9-A39947DFD3EF}
	EndGlobalSection
EndGlobal
